
Microsoft Visual Studio Solution File, Format Version 12.00
# Visual Studio Version 16
VisualStudioVersion = 16.0.30621.155
MinimumVisualStudioVersion = 10.0.40219.1
Project("{FAE04EC0-301F-11D3-BF4B-00C04F79EFBC}") = "ClientUI", "ClientUI\ClientUI.csproj", "{F5F70BB5-D980-4D6A-B648-1462AC950649}"
EndProject
Global
	GlobalSection(SolutionConfigurationPlatforms) = preSolution
		Debug|Any CPU = Debug|Any CPU
		Release|Any CPU = Release|Any CPU
	EndGlobalSection
	GlobalSection(ProjectConfigurationPlatforms) = postSolution
		{F5F70BB5-D980-4D6A-B648-1462AC950649}.Debug|Any CPU.ActiveCfg = Debug|Any CPU
		{F5F70BB5-D980-4D6A-B648-1462AC950649}.Debug|Any CPU.Build.0 = Debug|Any CPU
		{F5F70BB5-D980-4D6A-B648-1462AC950649}.Release|Any CPU.ActiveCfg = Release|Any CPU
		{F5F70BB5-D980-4D6A-B648-1462AC950649}.Release|Any CPU.Build.0 = Release|Any CPU
	EndGlobalSection
	GlobalSection(SolutionProperties) = preSolution
		HideSolutionNode = FALSE
	EndGlobalSection
	GlobalSection(ExtensibilityGlobals) = postSolution
		SolutionGuid = {E5A91B36-4E1B-4829-A274-0FCAA2C7A3A3}
	EndGlobalSection
EndGlobal
