
Microsoft Visual Studio Solution File, Format Version 12.00
# Visual Studio Version 16
VisualStudioVersion = 16.0.30621.155
MinimumVisualStudioVersion = 10.0.40219.1
Project("{FAE04EC0-301F-11D3-BF4B-00C04F79EFBC}") = "ShippingService", "ShippingService\ShippingService.csproj", "{CF592E40-0BA7-4EBD-AC60-0C7EC1A94773}"
EndProject
Global
	GlobalSection(SolutionConfigurationPlatforms) = preSolution
		Debug|Any CPU = Debug|Any CPU
		Release|Any CPU = Release|Any CPU
	EndGlobalSection
	GlobalSection(ProjectConfigurationPlatforms) = postSolution
		{CF592E40-0BA7-4EBD-AC60-0C7EC1A94773}.Debug|Any CPU.ActiveCfg = Debug|Any CPU
		{CF592E40-0BA7-4EBD-AC60-0C7EC1A94773}.Debug|Any CPU.Build.0 = Debug|Any CPU
		{CF592E40-0BA7-4EBD-AC60-0C7EC1A94773}.Release|Any CPU.ActiveCfg = Release|Any CPU
		{CF592E40-0BA7-4EBD-AC60-0C7EC1A94773}.Release|Any CPU.Build.0 = Release|Any CPU
	EndGlobalSection
	GlobalSection(SolutionProperties) = preSolution
		HideSolutionNode = FALSE
	EndGlobalSection
	GlobalSection(ExtensibilityGlobals) = postSolution
		SolutionGuid = {123AC39A-3E60-43C6-82DC-D7645A045293}
	EndGlobalSection
EndGlobal
